
Microsoft Visual Studio Solution File, Format Version 12.00
# Visual Studio Version 17
VisualStudioVersion = 17.11.35303.130
MinimumVisualStudioVersion = 10.0.40219.1
Project("{FAE04EC0-301F-11D3-BF4B-00C04F79EFBC}") = "FAHP", "FAHP\FAHP.csproj", "{4C2A0199-DA83-4C4A-A815-0FBD465BF0DE}"
EndProject
Project("{FAE04EC0-301F-11D3-BF4B-00C04F79EFBC}") = "FAHPtemperatura", "FAHPtemperatura\FAHPtemperatura.csproj", "{55417569-D954-4301-B45B-0F2337EB4279}"
EndProject
Global
	GlobalSection(SolutionConfigurationPlatforms) = preSolution
		Debug|Any CPU = Debug|Any CPU
		Release|Any CPU = Release|Any CPU
	EndGlobalSection
	GlobalSection(ProjectConfigurationPlatforms) = postSolution
		{4C2A0199-DA83-4C4A-A815-0FBD465BF0DE}.Debug|Any CPU.ActiveCfg = Debug|Any CPU
		{4C2A0199-DA83-4C4A-A815-0FBD465BF0DE}.Debug|Any CPU.Build.0 = Debug|Any CPU
		{4C2A0199-DA83-4C4A-A815-0FBD465BF0DE}.Release|Any CPU.ActiveCfg = Release|Any CPU
		{4C2A0199-DA83-4C4A-A815-0FBD465BF0DE}.Release|Any CPU.Build.0 = Release|Any CPU
		{55417569-D954-4301-B45B-0F2337EB4279}.Debug|Any CPU.ActiveCfg = Debug|Any CPU
		{55417569-D954-4301-B45B-0F2337EB4279}.Debug|Any CPU.Build.0 = Debug|Any CPU
		{55417569-D954-4301-B45B-0F2337EB4279}.Release|Any CPU.ActiveCfg = Release|Any CPU
		{55417569-D954-4301-B45B-0F2337EB4279}.Release|Any CPU.Build.0 = Release|Any CPU
	EndGlobalSection
	GlobalSection(SolutionProperties) = preSolution
		HideSolutionNode = FALSE
	EndGlobalSection
	GlobalSection(ExtensibilityGlobals) = postSolution
		SolutionGuid = {79FF8ED1-D4F0-4BFD-B5C0-948A6F16DE9E}
	EndGlobalSection
EndGlobal
